{
    "_readme": [
        "This file locks the dependencies of your project to a known state",
        "Read more about it at https://getcomposer.org/doc/01-basic-usage.md#composer-lock-the-lock-file",
        "This file is @generated automatically"
    ],
    "hash": "634527f79cbc9508f8b675021ce3a9cc",
    "content-hash": "821289abdc4b3a2baf394a000b15c0d1",
    "packages": [
        {
            "name": "components/jquery",
            "version": "2.1.4",
            "source": {
                "type": "git",
                "url": "https://github.com/components/jquery.git",
                "reference": "7b1d1104656a092423fbfba13c5920e9bbba290c"
            },
            "dist": {
                "type": "zip",
                "url": "https://api.github.com/repos/components/jquery/zipball/7b1d1104656a092423fbfba13c5920e9bbba290c",
                "reference": "7b1d1104656a092423fbfba13c5920e9bbba290c",
                "shasum": ""
            },
            "type": "component",
            "extra": {
                "component": {
                    "scripts": [
                        "jquery.js"
                    ],
                    "files": [
                        "jquery.min.js",
                        "jquery.min.map",
                        "jquery-migrate.js",
                        "jquery-migrate.min.js"
                    ]
                }
            },
            "notification-url": "https://packagist.org/downloads/",
            "license": [
                "MIT"
            ],
            "authors": [
                {
                    "name": "John Resig",
                    "email": "jeresig@gmail.com"
                }
            ],
            "description": "jQuery JavaScript Library",
            "homepage": "http://jquery.com",
            "time": "2015-05-08 05:04:47"
        },
        {
            "name": "kriswallsmith/assetic",
            "version": "v1.3.2",
            "source": {
                "type": "git",
                "url": "https://github.com/kriswallsmith/assetic.git",
                "reference": "9928f7c4ad98b234e3559d1049abd13387f86db5"
            },
            "dist": {
                "type": "zip",
                "url": "https://api.github.com/repos/kriswallsmith/assetic/zipball/9928f7c4ad98b234e3559d1049abd13387f86db5",
                "reference": "9928f7c4ad98b234e3559d1049abd13387f86db5",
                "shasum": ""
            },
            "require": {
                "php": ">=5.3.1",
                "symfony/process": "~2.1|~3.0"
            },
            "conflict": {
                "twig/twig": "<1.23"
            },
            "require-dev": {
                "cssmin/cssmin": "3.0.1",
                "joliclic/javascript-packer": "1.1",
                "kamicane/packager": "1.0",
                "leafo/lessphp": "^0.3.7",
                "leafo/scssphp": "~0.1",
                "mrclay/minify": "~2.2",
                "patchwork/jsqueeze": "~1.0|~2.0",
                "phpunit/phpunit": "~4.8",
                "psr/log": "~1.0",
                "ptachoire/cssembed": "~1.0",
                "symfony/phpunit-bridge": "~2.7|~3.0",
                "twig/twig": "~1.8|~2.0"
            },
            "suggest": {
                "leafo/lessphp": "Assetic provides the integration with the lessphp LESS compiler",
                "leafo/scssphp": "Assetic provides the integration with the scssphp SCSS compiler",
                "leafo/scssphp-compass": "Assetic provides the integration with the SCSS compass plugin",
                "patchwork/jsqueeze": "Assetic provides the integration with the JSqueeze JavaScript compressor",
                "ptachoire/cssembed": "Assetic provides the integration with phpcssembed to embed data uris",
                "twig/twig": "Assetic provides the integration with the Twig templating engine"
            },
            "type": "library",
            "extra": {
                "branch-alias": {
                    "dev-master": "1.4-dev"
                }
            },
            "autoload": {
                "psr-0": {
                    "Assetic": "src/"
                },
                "files": [
                    "src/functions.php"
                ]
            },
            "notification-url": "https://packagist.org/downloads/",
            "license": [
                "MIT"
            ],
            "authors": [
                {
                    "name": "Kris Wallsmith",
                    "email": "kris.wallsmith@gmail.com",
                    "homepage": "http://kriswallsmith.net/"
                }
            ],
            "description": "Asset Management for PHP",
            "homepage": "https://github.com/kriswallsmith/assetic",
            "keywords": [
                "assets",
                "compression",
                "minification"
            ],
            "time": "2015-11-12 13:51:40"
        },
        {
            "name": "moment/moment",
            "version": "2.10.6",
            "source": {
                "type": "git",
                "url": "https://github.com/moment/moment.git",
                "reference": "f3fbef9d9875bbff340b527dbe3f1c447a942f69"
            },
            "dist": {
                "type": "zip",
                "url": "https://api.github.com/repos/moment/moment/zipball/f3fbef9d9875bbff340b527dbe3f1c447a942f69",
                "reference": "f3fbef9d9875bbff340b527dbe3f1c447a942f69",
                "shasum": ""
            },
            "require": {
                "robloach/component-installer": "*"
            },
            "type": "component",
            "extra": {
                "component": {
                    "scripts": [
                        "moment.js"
                    ],
                    "files": [
                        "min/*.js",
                        "locale/*.js"
                    ]
                }
            },
            "notification-url": "https://packagist.org/downloads/",
            "license": [
                "MIT"
            ],
            "authors": [
                {
                    "name": "Tim Wood",
                    "email": "washwithcare@gmail.com"
                }
            ],
            "description": "Parse, validate, manipulate, and display dates in JavaScript.",
            "homepage": "http://github.com/moment/moment/",
            "keywords": [
                "date",
                "ender",
                "format",
                "i18n",
                "l10n",
                "moment",
                "parse",
                "time",
                "validate"
            ],
            "time": "2015-07-28 04:39:50"
        },
        {
            "name": "robloach/component-installer",
            "version": "0.2.3",
            "source": {
                "type": "git",
                "url": "https://github.com/RobLoach/component-installer.git",
                "reference": "908a859aa7c4949ba9ad67091e67bac10b66d3d7"
            },
            "dist": {
                "type": "zip",
                "url": "https://api.github.com/repos/RobLoach/component-installer/zipball/908a859aa7c4949ba9ad67091e67bac10b66d3d7",
                "reference": "908a859aa7c4949ba9ad67091e67bac10b66d3d7",
                "shasum": ""
            },
            "require": {
                "composer-plugin-api": "^1.0",
                "kriswallsmith/assetic": "1.*",
                "php": ">=5.3.2"
            },
            "require-dev": {
                "composer/composer": "1.*@alpha",
                "phpunit/phpunit": "4.*"
            },
            "type": "composer-plugin",
            "extra": {
                "branch-alias": {
                    "dev-master": "1.0.x-dev"
                },
                "class": "ComponentInstaller\\ComponentInstallerPlugin"
            },
            "autoload": {
                "psr-0": {
                    "ComponentInstaller": "src/"
                }
            },
            "notification-url": "https://packagist.org/downloads/",
            "license": [
                "MIT"
            ],
            "authors": [
                {
                    "name": "Rob Loach",
                    "homepage": "http://robloach.net"
                }
            ],
            "description": "Allows installation of Components via Composer.",
            "time": "2015-08-10 12:35:38"
        },
        {
            "name": "symfony/process",
            "version": "v3.0.0",
            "source": {
                "type": "git",
                "url": "https://github.com/symfony/process.git",
                "reference": "01383ed02a1020759bc8ee5d975fcec04ba16fbf"
            },
            "dist": {
                "type": "zip",
                "url": "https://api.github.com/repos/symfony/process/zipball/01383ed02a1020759bc8ee5d975fcec04ba16fbf",
                "reference": "01383ed02a1020759bc8ee5d975fcec04ba16fbf",
                "shasum": ""
            },
            "require": {
                "php": ">=5.5.9"
            },
            "type": "library",
            "extra": {
                "branch-alias": {
                    "dev-master": "3.0-dev"
                }
            },
            "autoload": {
                "psr-4": {
                    "Symfony\\Component\\Process\\": ""
                },
                "exclude-from-classmap": [
                    "/Tests/"
                ]
            },
            "notification-url": "https://packagist.org/downloads/",
            "license": [
                "MIT"
            ],
            "authors": [
                {
                    "name": "Fabien Potencier",
                    "email": "fabien@symfony.com"
                },
                {
                    "name": "Symfony Community",
                    "homepage": "https://symfony.com/contributors"
                }
            ],
            "description": "Symfony Process Component",
            "homepage": "https://symfony.com",
            "time": "2015-11-30 12:36:17"
        },
        {
            "name": "timhovius/bootstrap-material-design",
            "version": "dev-master",
            "source": {
                "type": "git",
                "url": "https://github.com/timhovius/bootstrap-material-design.git",
                "reference": "4e5ad1a2661abd72ae972f38f276f047192f2d1f"
            },
            "dist": {
                "type": "zip",
                "url": "https://api.github.com/repos/timhovius/bootstrap-material-design/zipball/4e5ad1a2661abd72ae972f38f276f047192f2d1f",
                "reference": "4e5ad1a2661abd72ae972f38f276f047192f2d1f",
                "shasum": ""
            },
            "require": {
                "twbs/bootstrap": "~3.2"
            },
            "suggest": {
                "braincrafted/bootstrap-bundle": "BraincraftedBootstrapBundle integrates Bootstrap into Symfony2 by providing templates, Twig extensions, services and commands."
            },
            "type": "library",
            "notification-url": "https://packagist.org/downloads/",
            "license": [
                "MIT"
            ],
            "authors": [
                {
                    "name": "Tim Hovius",
                    "email": "timhovius@gmail.com"
                },
                {
                    "name": "Federico Zivolo"
                }
            ],
            "description": "Bootstrap material theme for Symfony2",
            "keywords": [
                "JS",
                "Symfony2",
                "bundle",
                "css",
                "design",
                "framework",
                "front-end",
                "google",
                "less",
                "material",
                "mobile-first",
                "responsive",
                "symfony",
                "web"
            ],
            "time": "2015-09-15 11:08:22"
        },
        {
            "name": "twbs/bootstrap",
            "version": "v3.3.6",
            "source": {
                "type": "git",
                "url": "https://github.com/twbs/bootstrap.git",
                "reference": "81df608a40bf0629a1dc08e584849bb1e43e0b7a"
            },
            "dist": {
                "type": "zip",
                "url": "https://api.github.com/repos/twbs/bootstrap/zipball/81df608a40bf0629a1dc08e584849bb1e43e0b7a",
                "reference": "81df608a40bf0629a1dc08e584849bb1e43e0b7a",
                "shasum": ""
            },
            "replace": {
                "twitter/bootstrap": "self.version"
            },
            "type": "library",
            "extra": {
                "branch-alias": {
                    "dev-master": "3.3.x-dev"
                }
            },
            "notification-url": "https://packagist.org/downloads/",
            "license": [
                "MIT"
            ],
            "authors": [
                {
                    "name": "Jacob Thornton",
                    "email": "jacobthornton@gmail.com"
                },
                {
                    "name": "Mark Otto",
                    "email": "markdotto@gmail.com"
                }
            ],
            "description": "The most popular front-end framework for developing responsive, mobile first projects on the web.",
            "homepage": "http://getbootstrap.com",
            "keywords": [
                "JS",
                "css",
                "framework",
                "front-end",
                "less",
                "mobile-first",
                "responsive",
                "web"
            ],
            "time": "2015-11-24 19:37:05"
        }
    ],
    "packages-dev": [],
    "aliases": [],
    "minimum-stability": "stable",
    "stability-flags": {
        "timhovius/bootstrap-material-design": 20
    },
    "prefer-stable": false,
    "prefer-lowest": false,
    "platform": [],
    "platform-dev": []
}
